// !$*UTF8*$!
{
	archiveVersion = 1;
	classes = {
	};
	objectVersion = 56;
	objects = {

/* Begin PBXBuildFile section */
		FE8F0F7828D0F63A00DA8EC6 /* YourAgeApp.swift in Sources */ = {isa = PBXBuildFile; fileRef = FE8F0F7728D0F63A00DA8EC6 /* YourAgeApp.swift */; };
		FE8F0F7C28D0F63B00DA8EC6 /* Assets.xcassets in Resources */ = {isa = PBXBuildFile; fileRef = FE8F0F7B28D0F63B00DA8EC6 /* Assets.xcassets */; };
		FE8F0F7F28D0F63B00DA8EC6 /* Preview Assets.xcassets in Resources */ = {isa = PBXBuildFile; fileRef = FE8F0F7E28D0F63B00DA8EC6 /* Preview Assets.xcassets */; };
		FE8F0F8D28D231B200DA8EC6 /* MainModel.swift in Sources */ = {isa = PBXBuildFile; fileRef = FE8F0F8C28D231B200DA8EC6 /* MainModel.swift */; };
		FE8F0F9128D2503400DA8EC6 /* HomeView.swift in Sources */ = {isa = PBXBuildFile; fileRef = FE8F0F9028D2503400DA8EC6 /* HomeView.swift */; };
		FE8F0F9328D264D000DA8EC6 /* PopOverView.swift in Sources */ = {isa = PBXBuildFile; fileRef = FE8F0F9228D264D000DA8EC6 /* PopOverView.swift */; };
		FE8F0F9528D2C49100DA8EC6 /* ContainerViews.swift in Sources */ = {isa = PBXBuildFile; fileRef = FE8F0F9428D2C49100DA8EC6 /* ContainerViews.swift */; };
		FE8F0F9728D2C68C00DA8EC6 /* IntroMessageView.swift in Sources */ = {isa = PBXBuildFile; fileRef = FE8F0F9628D2C68C00DA8EC6 /* IntroMessageView.swift */; };
		FE8F0F9A28D2C6FE00DA8EC6 /* Colors.swift in Sources */ = {isa = PBXBuildFile; fileRef = FE8F0F9928D2C6FE00DA8EC6 /* Colors.swift */; };
		FE8F0F9C28D2CC7C00DA8EC6 /* ButtonViews.swift in Sources */ = {isa = PBXBuildFile; fileRef = FE8F0F9B28D2CC7C00DA8EC6 /* ButtonViews.swift */; };
		FE8F0F9F28D3980000DA8EC6 /* DataModel.xcdatamodeld in Sources */ = {isa = PBXBuildFile; fileRef = FE8F0F9D28D3980000DA8EC6 /* DataModel.xcdatamodeld */; };
		FE8F0FA228D3991200DA8EC6 /* CoreDataManager.swift in Sources */ = {isa = PBXBuildFile; fileRef = FE8F0FA128D3991200DA8EC6 /* CoreDataManager.swift */; };
		FE8F0FA428D39A5D00DA8EC6 /* ResultModel.swift in Sources */ = {isa = PBXBuildFile; fileRef = FE8F0FA328D39A5D00DA8EC6 /* ResultModel.swift */; };
		FE8F0FA628D39B9A00DA8EC6 /* MainViewModel.swift in Sources */ = {isa = PBXBuildFile; fileRef = FE8F0FA528D39B9A00DA8EC6 /* MainViewModel.swift */; };
		FE8F0FAE28D42FE200DA8EC6 /* CardView.swift in Sources */ = {isa = PBXBuildFile; fileRef = FE8F0FAD28D42FE200DA8EC6 /* CardView.swift */; };
		FE8F0FB028D42FF100DA8EC6 /* HistoryView.swift in Sources */ = {isa = PBXBuildFile; fileRef = FE8F0FAF28D42FF100DA8EC6 /* HistoryView.swift */; };
/* End PBXBuildFile section */

/* Begin PBXFileReference section */
		FE8F0F7428D0F63A00DA8EC6 /* YourAge.app */ = {isa = PBXFileReference; explicitFileType = wrapper.application; includeInIndex = 0; path = YourAge.app; sourceTree = BUILT_PRODUCTS_DIR; };
		FE8F0F7728D0F63A00DA8EC6 /* YourAgeApp.swift */ = {isa = PBXFileReference; lastKnownFileType = sourcecode.swift; path = YourAgeApp.swift; sourceTree = "<group>"; };
		FE8F0F7B28D0F63B00DA8EC6 /* Assets.xcassets */ = {isa = PBXFileReference; lastKnownFileType = folder.assetcatalog; path = Assets.xcassets; sourceTree = "<group>"; };
		FE8F0F7E28D0F63B00DA8EC6 /* Preview Assets.xcassets */ = {isa = PBXFileReference; lastKnownFileType = folder.assetcatalog; path = "Preview Assets.xcassets"; sourceTree = "<group>"; };
		FE8F0F8C28D231B200DA8EC6 /* MainModel.swift */ = {isa = PBXFileReference; lastKnownFileType = sourcecode.swift; path = MainModel.swift; sourceTree = "<group>"; };
		FE8F0F9028D2503400DA8EC6 /* HomeView.swift */ = {isa = PBXFileReference; lastKnownFileType = sourcecode.swift; path = HomeView.swift; sourceTree = "<group>"; };
		FE8F0F9228D264D000DA8EC6 /* PopOverView.swift */ = {isa = PBXFileReference; lastKnownFileType = sourcecode.swift; path = PopOverView.swift; sourceTree = "<group>"; };
		FE8F0F9428D2C49100DA8EC6 /* ContainerViews.swift */ = {isa = PBXFileReference; lastKnownFileType = sourcecode.swift; path = ContainerViews.swift; sourceTree = "<group>"; };
		FE8F0F9628D2C68C00DA8EC6 /* IntroMessageView.swift */ = {isa = PBXFileReference; lastKnownFileType = sourcecode.swift; path = IntroMessageView.swift; sourceTree = "<group>"; };
		FE8F0F9928D2C6FE00DA8EC6 /* Colors.swift */ = {isa = PBXFileReference; lastKnownFileType = sourcecode.swift; path = Colors.swift; sourceTree = "<group>"; };
		FE8F0F9B28D2CC7C00DA8EC6 /* ButtonViews.swift */ = {isa = PBXFileReference; lastKnownFileType = sourcecode.swift; path = ButtonViews.swift; sourceTree = "<group>"; };
		FE8F0F9E28D3980000DA8EC6 /* DataModel.xcdatamodel */ = {isa = PBXFileReference; lastKnownFileType = wrapper.xcdatamodel; path = DataModel.xcdatamodel; sourceTree = "<group>"; };
		FE8F0FA128D3991200DA8EC6 /* CoreDataManager.swift */ = {isa = PBXFileReference; lastKnownFileType = sourcecode.swift; path = CoreDataManager.swift; sourceTree = "<group>"; };
		FE8F0FA328D39A5D00DA8EC6 /* ResultModel.swift */ = {isa = PBXFileReference; lastKnownFileType = sourcecode.swift; path = ResultModel.swift; sourceTree = "<group>"; };
		FE8F0FA528D39B9A00DA8EC6 /* MainViewModel.swift */ = {isa = PBXFileReference; lastKnownFileType = sourcecode.swift; path = MainViewModel.swift; sourceTree = "<group>"; };
		FE8F0FAD28D42FE200DA8EC6 /* CardView.swift */ = {isa = PBXFileReference; lastKnownFileType = sourcecode.swift; path = CardView.swift; sourceTree = "<group>"; };
		FE8F0FAF28D42FF100DA8EC6 /* HistoryView.swift */ = {isa = PBXFileReference; lastKnownFileType = sourcecode.swift; path = HistoryView.swift; sourceTree = "<group>"; };
/* End PBXFileReference section */

/* Begin PBXFrameworksBuildPhase section */
		FE8F0F7128D0F63A00DA8EC6 /* Frameworks */ = {
			isa = PBXFrameworksBuildPhase;
			buildActionMask = 2147483647;
			files = (
			);
			runOnlyForDeploymentPostprocessing = 0;
		};
/* End PBXFrameworksBuildPhase section */

/* Begin PBXGroup section */
		FE8F0F6B28D0F63A00DA8EC6 = {
			isa = PBXGroup;
			children = (
				FE8F0F7628D0F63A00DA8EC6 /* YourAge */,
				FE8F0F7528D0F63A00DA8EC6 /* Products */,
			);
			sourceTree = "<group>";
		};
		FE8F0F7528D0F63A00DA8EC6 /* Products */ = {
			isa = PBXGroup;
			children = (
				FE8F0F7428D0F63A00DA8EC6 /* YourAge.app */,
			);
			name = Products;
			sourceTree = "<group>";
		};
		FE8F0F7628D0F63A00DA8EC6 /* YourAge */ = {
			isa = PBXGroup;
			children = (
				FE8F0FA028D3990100DA8EC6 /* Services */,
				FE8F0F9D28D3980000DA8EC6 /* DataModel.xcdatamodeld */,
				FE8F0F9828D2C6C200DA8EC6 /* Enums */,
				FE8F0F8728D0FBD200DA8EC6 /* ViewModels */,
				FE8F0F8628D0FBC300DA8EC6 /* Models */,
				FE8F0F8528D0FBBD00DA8EC6 /* Views */,
				FE8F0F7728D0F63A00DA8EC6 /* YourAgeApp.swift */,
				FE8F0F7B28D0F63B00DA8EC6 /* Assets.xcassets */,
				FE8F0F7D28D0F63B00DA8EC6 /* Preview Content */,
			);
			path = YourAge;
			sourceTree = "<group>";
		};
		FE8F0F7D28D0F63B00DA8EC6 /* Preview Content */ = {
			isa = PBXGroup;
			children = (
				FE8F0F7E28D0F63B00DA8EC6 /* Preview Assets.xcassets */,
			);
			path = "Preview Content";
			sourceTree = "<group>";
		};
		FE8F0F8528D0FBBD00DA8EC6 /* Views */ = {
			isa = PBXGroup;
			children = (
				FE8F0F9028D2503400DA8EC6 /* HomeView.swift */,
				FE8F0F9228D264D000DA8EC6 /* PopOverView.swift */,
				FE8F0FAF28D42FF100DA8EC6 /* HistoryView.swift */,
				FE8F0F9628D2C68C00DA8EC6 /* IntroMessageView.swift */,
				FE8F0F9428D2C49100DA8EC6 /* ContainerViews.swift */,
				FE8F0F9B28D2CC7C00DA8EC6 /* ButtonViews.swift */,
				FE8F0FAD28D42FE200DA8EC6 /* CardView.swift */,
			);
			path = Views;
			sourceTree = "<group>";
		};
		FE8F0F8628D0FBC300DA8EC6 /* Models */ = {
			isa = PBXGroup;
			children = (
				FE8F0F8C28D231B200DA8EC6 /* MainModel.swift */,
				FE8F0FA328D39A5D00DA8EC6 /* ResultModel.swift */,
			);
			path = Models;
			sourceTree = "<group>";
		};
		FE8F0F8728D0FBD200DA8EC6 /* ViewModels */ = {
			isa = PBXGroup;
			children = (
				FE8F0FA528D39B9A00DA8EC6 /* MainViewModel.swift */,
			);
			path = ViewModels;
			sourceTree = "<group>";
		};
		FE8F0F9828D2C6C200DA8EC6 /* Enums */ = {
			isa = PBXGroup;
			children = (
				FE8F0F9928D2C6FE00DA8EC6 /* Colors.swift */,
			);
			path = Enums;
			sourceTree = "<group>";
		};
		FE8F0FA028D3990100DA8EC6 /* Services */ = {
			isa = PBXGroup;
			children = (
				FE8F0FA128D3991200DA8EC6 /* CoreDataManager.swift */,
			);
			path = Services;
			sourceTree = "<group>";
		};
/* End PBXGroup section */

/* Begin PBXNativeTarget section */
		FE8F0F7328D0F63A00DA8EC6 /* YourAge */ = {
			isa = PBXNativeTarget;
			buildConfigurationList = FE8F0F8228D0F63B00DA8EC6 /* Build configuration list for PBXNativeTarget "YourAge" */;
			buildPhases = (
				FE8F0F7028D0F63A00DA8EC6 /* Sources */,
				FE8F0F7128D0F63A00DA8EC6 /* Frameworks */,
				FE8F0F7228D0F63A00DA8EC6 /* Resources */,
			);
			buildRules = (
			);
			dependencies = (
			);
			name = YourAge;
			productName = YourAge;
			productReference = FE8F0F7428D0F63A00DA8EC6 /* YourAge.app */;
			productType = "com.apple.product-type.application";
		};
/* End PBXNativeTarget section */

/* Begin PBXProject section */
		FE8F0F6C28D0F63A00DA8EC6 /* Project object */ = {
			isa = PBXProject;
			attributes = {
				BuildIndependentTargetsInParallel = 1;
				LastSwiftUpdateCheck = 1400;
				LastUpgradeCheck = 1400;
				TargetAttributes = {
					FE8F0F7328D0F63A00DA8EC6 = {
						CreatedOnToolsVersion = 14.0;
					};
				};
			};
			buildConfigurationList = FE8F0F6F28D0F63A00DA8EC6 /* Build configuration list for PBXProject "YourAge" */;
			compatibilityVersion = "Xcode 14.0";
			developmentRegion = en;
			hasScannedForEncodings = 0;
			knownRegions = (
				en,
				Base,
			);
			mainGroup = FE8F0F6B28D0F63A00DA8EC6;
			productRefGroup = FE8F0F7528D0F63A00DA8EC6 /* Products */;
			projectDirPath = "";
			projectRoot = "";
			targets = (
				FE8F0F7328D0F63A00DA8EC6 /* YourAge */,
			);
		};
/* End PBXProject section */

/* Begin PBXResourcesBuildPhase section */
		FE8F0F7228D0F63A00DA8EC6 /* Resources */ = {
			isa = PBXResourcesBuildPhase;
			buildActionMask = 2147483647;
			files = (
				FE8F0F7F28D0F63B00DA8EC6 /* Preview Assets.xcassets in Resources */,
				FE8F0F7C28D0F63B00DA8EC6 /* Assets.xcassets in Resources */,
			);
			runOnlyForDeploymentPostprocessing = 0;
		};
/* End PBXResourcesBuildPhase section */

/* Begin PBXSourcesBuildPhase section */
		FE8F0F7028D0F63A00DA8EC6 /* Sources */ = {
			isa = PBXSourcesBuildPhase;
			buildActionMask = 2147483647;
			files = (
				FE8F0FAE28D42FE200DA8EC6 /* CardView.swift in Sources */,
				FE8F0F9728D2C68C00DA8EC6 /* IntroMessageView.swift in Sources */,
				FE8F0F9F28D3980000DA8EC6 /* DataModel.xcdatamodeld in Sources */,
				FE8F0FA628D39B9A00DA8EC6 /* MainViewModel.swift in Sources */,
				FE8F0F8D28D231B200DA8EC6 /* MainModel.swift in Sources */,
				FE8F0F9528D2C49100DA8EC6 /* ContainerViews.swift in Sources */,
				FE8F0F9C28D2CC7C00DA8EC6 /* ButtonViews.swift in Sources */,
				FE8F0FB028D42FF100DA8EC6 /* HistoryView.swift in Sources */,
				FE8F0F9328D264D000DA8EC6 /* PopOverView.swift in Sources */,
				FE8F0F9128D2503400DA8EC6 /* HomeView.swift in Sources */,
				FE8F0F7828D0F63A00DA8EC6 /* YourAgeApp.swift in Sources */,
				FE8F0FA428D39A5D00DA8EC6 /* ResultModel.swift in Sources */,
				FE8F0F9A28D2C6FE00DA8EC6 /* Colors.swift in Sources */,
				FE8F0FA228D3991200DA8EC6 /* CoreDataManager.swift in Sources */,
			);
			runOnlyForDeploymentPostprocessing = 0;
		};
/* End PBXSourcesBuildPhase section */

/* Begin XCBuildConfiguration section */
		FE8F0F8028D0F63B00DA8EC6 /* Debug */ = {
			isa = XCBuildConfiguration;
			buildSettings = {
				ALWAYS_SEARCH_USER_PATHS = NO;
				CLANG_ANALYZER_NONNULL = YES;
				CLANG_ANALYZER_NUMBER_OBJECT_CONVERSION = YES_AGGRESSIVE;
				CLANG_CXX_LANGUAGE_STANDARD = "gnu++20";
				CLANG_ENABLE_MODULES = YES;
				CLANG_ENABLE_OBJC_ARC = YES;
				CLANG_ENABLE_OBJC_WEAK = YES;
				CLANG_WARN_BLOCK_CAPTURE_AUTORELEASING = YES;
				CLANG_WARN_BOOL_CONVERSION = YES;
				CLANG_WARN_COMMA = YES;
				CLANG_WARN_CONSTANT_CONVERSION = YES;
				CLANG_WARN_DEPRECATED_OBJC_IMPLEMENTATIONS = YES;
				CLANG_WARN_DIRECT_OBJC_ISA_USAGE = YES_ERROR;
				CLANG_WARN_DOCUMENTATION_COMMENTS = YES;
				CLANG_WARN_EMPTY_BODY = YES;
				CLANG_WARN_ENUM_CONVERSION = YES;
				CLANG_WARN_INFINITE_RECURSION = YES;
				CLANG_WARN_INT_CONVERSION = YES;
				CLANG_WARN_NON_LITERAL_NULL_CONVERSION = YES;
				CLANG_WARN_OBJC_IMPLICIT_RETAIN_SELF = YES;
				CLANG_WARN_OBJC_LITERAL_CONVERSION = YES;
				CLANG_WARN_OBJC_ROOT_CLASS = YES_ERROR;
				CLANG_WARN_QUOTED_INCLUDE_IN_FRAMEWORK_HEADER = YES;
				CLANG_WARN_RANGE_LOOP_ANALYSIS = YES;
				CLANG_WARN_STRICT_PROTOTYPES = YES;
				CLANG_WARN_SUSPICIOUS_MOVE = YES;
				CLANG_WARN_UNGUARDED_AVAILABILITY = YES_AGGRESSIVE;
				CLANG_WARN_UNREACHABLE_CODE = YES;
				CLANG_WARN__DUPLICATE_METHOD_MATCH = YES;
				COPY_PHASE_STRIP = NO;
				DEBUG_INFORMATION_FORMAT = dwarf;
				ENABLE_STRICT_OBJC_MSGSEND = YES;
				ENABLE_TESTABILITY = YES;
				GCC_C_LANGUAGE_STANDARD = gnu11;
				GCC_DYNAMIC_NO_PIC = NO;
				GCC_NO_COMMON_BLOCKS = YES;
				GCC_OPTIMIZATION_LEVEL = 0;
				GCC_PREPROCESSOR_DEFINITIONS = (
					"DEBUG=1",
					"$(inherited)",
				);
				GCC_WARN_64_TO_32_BIT_CONVERSION = YES;
				GCC_WARN_ABOUT_RETURN_TYPE = YES_ERROR;
				GCC_WARN_UNDECLARED_SELECTOR = YES;
				GCC_WARN_UNINITIALIZED_AUTOS = YES_AGGRESSIVE;
				GCC_WARN_UNUSED_FUNCTION = YES;
				GCC_WARN_UNUSED_VARIABLE = YES;
				IPHONEOS_DEPLOYMENT_TARGET = 16.0;
				MTL_ENABLE_DEBUG_INFO = INCLUDE_SOURCE;
				MTL_FAST_MATH = YES;
				ONLY_ACTIVE_ARCH = YES;
				SDKROOT = iphoneos;
				SWIFT_ACTIVE_COMPILATION_CONDITIONS = DEBUG;
				SWIFT_OPTIMIZATION_LEVEL = "-Onone";
			};
			name = Debug;
		};
		FE8F0F8128D0F63B00DA8EC6 /* Release */ = {
			isa = XCBuildConfiguration;
			buildSettings = {
				ALWAYS_SEARCH_USER_PATHS = NO;
				CLANG_ANALYZER_NONNULL = YES;
				CLANG_ANALYZER_NUMBER_OBJECT_CONVERSION = YES_AGGRESSIVE;
				CLANG_CXX_LANGUAGE_STANDARD = "gnu++20";
				CLANG_ENABLE_MODULES = YES;
				CLANG_ENABLE_OBJC_ARC = YES;
				CLANG_ENABLE_OBJC_WEAK = YES;
				CLANG_WARN_BLOCK_CAPTURE_AUTORELEASING = YES;
				CLANG_WARN_BOOL_CONVERSION = YES;
				CLANG_WARN_COMMA = YES;
				CLANG_WARN_CONSTANT_CONVERSION = YES;
				CLANG_WARN_DEPRECATED_OBJC_IMPLEMENTATIONS = YES;
				CLANG_WARN_DIRECT_OBJC_ISA_USAGE = YES_ERROR;
				CLANG_WARN_DOCUMENTATION_COMMENTS = YES;
				CLANG_WARN_EMPTY_BODY = YES;
				CLANG_WARN_ENUM_CONVERSION = YES;
				CLANG_WARN_INFINITE_RECURSION = YES;
				CLANG_WARN_INT_CONVERSION = YES;
				CLANG_WARN_NON_LITERAL_NULL_CONVERSION = YES;
				CLANG_WARN_OBJC_IMPLICIT_RETAIN_SELF = YES;
				CLANG_WARN_OBJC_LITERAL_CONVERSION = YES;
				CLANG_WARN_OBJC_ROOT_CLASS = YES_ERROR;
				CLANG_WARN_QUOTED_INCLUDE_IN_FRAMEWORK_HEADER = YES;
				CLANG_WARN_RANGE_LOOP_ANALYSIS = YES;
				CLANG_WARN_STRICT_PROTOTYPES = YES;
				CLANG_WARN_SUSPICIOUS_MOVE = YES;
				CLANG_WARN_UNGUARDED_AVAILABILITY = YES_AGGRESSIVE;
				CLANG_WARN_UNREACHABLE_CODE = YES;
				CLANG_WARN__DUPLICATE_METHOD_MATCH = YES;
				COPY_PHASE_STRIP = NO;
				DEBUG_INFORMATION_FORMAT = "dwarf-with-dsym";
				ENABLE_NS_ASSERTIONS = NO;
				ENABLE_STRICT_OBJC_MSGSEND = YES;
				GCC_C_LANGUAGE_STANDARD = gnu11;
				GCC_NO_COMMON_BLOCKS = YES;
				GCC_WARN_64_TO_32_BIT_CONVERSION = YES;
				GCC_WARN_ABOUT_RETURN_TYPE = YES_ERROR;
				GCC_WARN_UNDECLARED_SELECTOR = YES;
				GCC_WARN_UNINITIALIZED_AUTOS = YES_AGGRESSIVE;
				GCC_WARN_UNUSED_FUNCTION = YES;
				GCC_WARN_UNUSED_VARIABLE = YES;
				IPHONEOS_DEPLOYMENT_TARGET = 16.0;
				MTL_ENABLE_DEBUG_INFO = NO;
				MTL_FAST_MATH = YES;
				SDKROOT = iphoneos;
				SWIFT_COMPILATION_MODE = wholemodule;
				SWIFT_OPTIMIZATION_LEVEL = "-O";
				VALIDATE_PRODUCT = YES;
			};
			name = Release;
		};
		FE8F0F8328D0F63B00DA8EC6 /* Debug */ = {
			isa = XCBuildConfiguration;
			buildSettings = {
				ASSETCATALOG_COMPILER_APPICON_NAME = AppIcon;
				ASSETCATALOG_COMPILER_GLOBAL_ACCENT_COLOR_NAME = AccentColor;
				CODE_SIGN_STYLE = Automatic;
				CURRENT_PROJECT_VERSION = 1;
				DEVELOPMENT_ASSET_PATHS = "\"YourAge/Preview Content\"";
				DEVELOPMENT_TEAM = 22875T464M;
				ENABLE_PREVIEWS = YES;
				GENERATE_INFOPLIST_FILE = YES;
				INFOPLIST_KEY_UIApplicationSceneManifest_Generation = YES;
				INFOPLIST_KEY_UIApplicationSupportsIndirectInputEvents = YES;
				INFOPLIST_KEY_UILaunchScreen_Generation = YES;
				INFOPLIST_KEY_UISupportedInterfaceOrientations_iPad = "UIInterfaceOrientationPortrait UIInterfaceOrientationPortraitUpsideDown UIInterfaceOrientationLandscapeLeft UIInterfaceOrientationLandscapeRight";
				INFOPLIST_KEY_UISupportedInterfaceOrientations_iPhone = "UIInterfaceOrientationPortrait UIInterfaceOrientationLandscapeLeft UIInterfaceOrientationLandscapeRight";
				LD_RUNPATH_SEARCH_PATHS = (
					"$(inherited)",
					"@executable_path/Frameworks",
				);
				MARKETING_VERSION = 1.0;
				PRODUCT_BUNDLE_IDENTIFIER = "peter-h-wi.YourAge";
				PRODUCT_NAME = "$(TARGET_NAME)";
				SWIFT_EMIT_LOC_STRINGS = YES;
				SWIFT_VERSION = 5.0;
				TARGETED_DEVICE_FAMILY = "1,2";
			};
			name = Debug;
		};
		FE8F0F8428D0F63B00DA8EC6 /* Release */ = {
			isa = XCBuildConfiguration;
			buildSettings = {
				ASSETCATALOG_COMPILER_APPICON_NAME = AppIcon;
				ASSETCATALOG_COMPILER_GLOBAL_ACCENT_COLOR_NAME = AccentColor;
				CODE_SIGN_STYLE = Automatic;
				CURRENT_PROJECT_VERSION = 1;
				DEVELOPMENT_ASSET_PATHS = "\"YourAge/Preview Content\"";
				DEVELOPMENT_TEAM = 22875T464M;
				ENABLE_PREVIEWS = YES;
				GENERATE_INFOPLIST_FILE = YES;
				INFOPLIST_KEY_UIApplicationSceneManifest_Generation = YES;
				INFOPLIST_KEY_UIApplicationSupportsIndirectInputEvents = YES;
				INFOPLIST_KEY_UILaunchScreen_Generation = YES;
				INFOPLIST_KEY_UISupportedInterfaceOrientations_iPad = "UIInterfaceOrientationPortrait UIInterfaceOrientationPortraitUpsideDown UIInterfaceOrientationLandscapeLeft UIInterfaceOrientationLandscapeRight";
				INFOPLIST_KEY_UISupportedInterfaceOrientations_iPhone = "UIInterfaceOrientationPortrait UIInterfaceOrientationLandscapeLeft UIInterfaceOrientationLandscapeRight";
				LD_RUNPATH_SEARCH_PATHS = (
					"$(inherited)",
					"@executable_path/Frameworks",
				);
				MARKETING_VERSION = 1.0;
				PRODUCT_BUNDLE_IDENTIFIER = "peter-h-wi.YourAge";
				PRODUCT_NAME = "$(TARGET_NAME)";
				SWIFT_EMIT_LOC_STRINGS = YES;
				SWIFT_VERSION = 5.0;
				TARGETED_DEVICE_FAMILY = "1,2";
			};
			name = Release;
		};
/* End XCBuildConfiguration section */

/* Begin XCConfigurationList section */
		FE8F0F6F28D0F63A00DA8EC6 /* Build configuration list for PBXProject "YourAge" */ = {
			isa = XCConfigurationList;
			buildConfigurations = (
				FE8F0F8028D0F63B00DA8EC6 /* Debug */,
				FE8F0F8128D0F63B00DA8EC6 /* Release */,
			);
			defaultConfigurationIsVisible = 0;
			defaultConfigurationName = Release;
		};
		FE8F0F8228D0F63B00DA8EC6 /* Build configuration list for PBXNativeTarget "YourAge" */ = {
			isa = XCConfigurationList;
			buildConfigurations = (
				FE8F0F8328D0F63B00DA8EC6 /* Debug */,
				FE8F0F8428D0F63B00DA8EC6 /* Release */,
			);
			defaultConfigurationIsVisible = 0;
			defaultConfigurationName = Release;
		};
/* End XCConfigurationList section */

/* Begin XCVersionGroup section */
		FE8F0F9D28D3980000DA8EC6 /* DataModel.xcdatamodeld */ = {
			isa = XCVersionGroup;
			children = (
				FE8F0F9E28D3980000DA8EC6 /* DataModel.xcdatamodel */,
			);
			currentVersion = FE8F0F9E28D3980000DA8EC6 /* DataModel.xcdatamodel */;
			path = DataModel.xcdatamodeld;
			sourceTree = "<group>";
			versionGroupType = wrapper.xcdatamodel;
		};
/* End XCVersionGroup section */
	};
	rootObject = FE8F0F6C28D0F63A00DA8EC6 /* Project object */;
}
